
Microsoft Visual Studio Solution File, Format Version 12.00
# Visual Studio Version 17
VisualStudioVersion = 17.0.31903.59
MinimumVisualStudioVersion = 10.0.40219.1
Project("{9A19103F-16F7-4668-BE54-9A1E7A4F7556}") = "FluentDev.MethodUsedBy", "FluentDev.MethodUsedBy\FluentDev.MethodUsedBy.csproj", "{106DA9CB-2415-4B4D-AD33-A3478D0789DD}"
EndProject
Global
	GlobalSection(SolutionConfigurationPlatforms) = preSolution
		Debug|Any CPU = Debug|Any CPU
		Release|Any CPU = Release|Any CPU
	EndGlobalSection
	GlobalSection(ProjectConfigurationPlatforms) = postSolution
		{106DA9CB-2415-4B4D-AD33-A3478D0789DD}.Debug|Any CPU.ActiveCfg = Debug|Any CPU
		{106DA9CB-2415-4B4D-AD33-A3478D0789DD}.Debug|Any CPU.Build.0 = Debug|Any CPU
		{106DA9CB-2415-4B4D-AD33-A3478D0789DD}.Release|Any CPU.ActiveCfg = Release|Any CPU
		{106DA9CB-2415-4B4D-AD33-A3478D0789DD}.Release|Any CPU.Build.0 = Release|Any CPU
	EndGlobalSection
	GlobalSection(SolutionProperties) = preSolution
		HideSolutionNode = FALSE
	EndGlobalSection
	GlobalSection(ExtensibilityGlobals) = postSolution
		SolutionGuid = {17A47CAB-1ABC-4E89-BF97-5A8F887A2097}
	EndGlobalSection
	GlobalSection(TeamFoundationVersionControl) = preSolution
		SccNumberOfProjects = 2
		SccEnterpriseProvider = {4CA58AB2-18FA-4F8D-95D4-32DDF27D184C}
		SccTeamFoundationServer = https://dev.azure.com/hashihirolabo
		SccLocalPath0 = .
		SccProjectUniqueName1 = FluentDev.MethodUsedBy\\FluentDev.MethodUsedBy.csproj
		SccProjectName1 = FluentDev.MethodUsedBy
		SccLocalPath1 = FluentDev.MethodUsedBy
	EndGlobalSection
EndGlobal
